Microsoft Visual Studio Solution File, Format Version 11.00
# Visual Studio 2008

Project("{E283C5DF-FE37-F400-2C94-1D8464F88AD6}") = "RubberDuckAdventure", "Assembly-CSharp-vs.csproj", "{FB492BFC-A020-8B32-A308-46F70EAA61A6}"
EndProject
Global
	GlobalSection(SolutionConfigurationPlatforms) = preSolution
		Debug|Any CPU = Debug|Any CPU
		Release|Any CPU = Release|Any CPU
	EndGlobalSection
	GlobalSection(ProjectConfigurationPlatforms) = postSolution
		{FB492BFC-A020-8B32-A308-46F70EAA61A6}.Debug|Any CPU.ActiveCfg = Debug|Any CPU
		{FB492BFC-A020-8B32-A308-46F70EAA61A6}.Debug|Any CPU.Build.0 = Debug|Any CPU
		{FB492BFC-A020-8B32-A308-46F70EAA61A6}.Release|Any CPU.ActiveCfg = Release|Any CPU
		{FB492BFC-A020-8B32-A308-46F70EAA61A6}.Release|Any CPU.Build.0 = Release|Any CPU
	EndGlobalSection
	GlobalSection(SolutionProperties) = preSolution
		HideSolutionNode = FALSE
	EndGlobalSection
																																																																		GlobalSection(MonoDevelopProperties) = preSolution
																																																																GlobalSection(MonoDevelopProperties) = preSolution
																																																														GlobalSection(MonoDevelopProperties) = preSolution
																																																												GlobalSection(MonoDevelopProperties) = preSolution
																																																		GlobalSection(MonoDevelopProperties) = preSolution
																																																							GlobalSection(MonoDevelopProperties) = preSolution
																																								GlobalSection(MonoDevelopProperties) = preSolution
																												GlobalSection(MonoDevelopProperties) = preSolution
																								GlobalSection(MonoDevelopProperties) = preSolution
																									GlobalSection(MonoDevelopProperties) = preSolution
																				GlobalSection(MonoDevelopProperties) = preSolution
															GlobalSection(MonoDevelopProperties) = preSolution
																GlobalSection(MonoDevelopProperties) = preSolution
		StartupItem = Assembly-CSharp.csproj
		Policies = $0
		$0.TextStylePolicy = $1
		$1.TabsToSpaces = True
		$1.NoTabsAfterNonTabs = True
		$1.inheritsSet = Mono
		$1.inheritsScope = text/plain
		$1.scope = text/x-csharp
		$0.CSharpFormattingPolicy = $2
		$2.ElseIfNewLinePlacement = SameLine
		$2.BeforeMethodDeclarationParentheses = False
		$2.BeforeMethodCallParentheses = False
		$2.BeforeConstructorDeclarationParentheses = False
		$2.BeforeIndexerDeclarationBracket = False
		$2.AfterDelegateDeclarationParameterComma = True
		$2.NewParentheses = False
		$2.SpacesBeforeBrackets = False
		$2.inheritsSet = Mono
		$2.inheritsScope = text/x-csharp
		$2.scope = text/x-csharp
		$0.TextStylePolicy = $3
		$3.FileWidth = 120
		$3.IndentWidth = 8
		$3.NoTabsAfterNonTabs = True
		$3.EolMarker = Unix
		$3.inheritsSet = VisualStudio
		$3.inheritsScope = text/plain
		$3.scope = text/plain
		GlobalSection(MonoDevelopProperties) = preSolution
		GlobalSection(MonoDevelopProperties) = preSolution
		GlobalSection(MonoDevelopProperties) = preSolution
	EndGlobalSection

EndGlobal
